
Microsoft Visual Studio Solution File, Format Version 12.00
# Visual Studio Version 16
VisualStudioVersion = 16.0.29009.5
MinimumVisualStudioVersion = 10.0.40219.1
Project("{FAE04EC0-301F-11D3-BF4B-00C04F79EFBC}") = "PelotonData", "PelotonData\PelotonData.csproj", "{08C3882F-9669-4C82-A005-1BE8657732B7}"
EndProject
Project("{FAE04EC0-301F-11D3-BF4B-00C04F79EFBC}") = "PelotonDataGui", "PelotonDataGui\PelotonDataGui.csproj", "{A1C36F5B-C414-4A3A-BA27-FA3604D8D068}"
EndProject
Project("{54435603-DBB4-11D2-8724-00A0C9A8B90C}") = "PelotonDataInstaller", "PelotonDataInstaller\PelotonDataInstaller.vdproj", "{AC76E67D-6BA5-4E83-B07C-92669A68B2F1}"
EndProject
Project("{FAE04EC0-301F-11D3-BF4B-00C04F79EFBC}") = "Scratch", "Scratch\Scratch.csproj", "{0D4FCDED-D5EA-4D27-B887-4E8C8F9037D6}"
EndProject
Global
	GlobalSection(SolutionConfigurationPlatforms) = preSolution
		Debug|Any CPU = Debug|Any CPU
		Release|Any CPU = Release|Any CPU
	EndGlobalSection
	GlobalSection(ProjectConfigurationPlatforms) = postSolution
		{08C3882F-9669-4C82-A005-1BE8657732B7}.Debug|Any CPU.ActiveCfg = Debug|Any CPU
		{08C3882F-9669-4C82-A005-1BE8657732B7}.Debug|Any CPU.Build.0 = Debug|Any CPU
		{08C3882F-9669-4C82-A005-1BE8657732B7}.Release|Any CPU.ActiveCfg = Release|Any CPU
		{08C3882F-9669-4C82-A005-1BE8657732B7}.Release|Any CPU.Build.0 = Release|Any CPU
		{A1C36F5B-C414-4A3A-BA27-FA3604D8D068}.Debug|Any CPU.ActiveCfg = Debug|Any CPU
		{A1C36F5B-C414-4A3A-BA27-FA3604D8D068}.Debug|Any CPU.Build.0 = Debug|Any CPU
		{A1C36F5B-C414-4A3A-BA27-FA3604D8D068}.Release|Any CPU.ActiveCfg = Release|Any CPU
		{A1C36F5B-C414-4A3A-BA27-FA3604D8D068}.Release|Any CPU.Build.0 = Release|Any CPU
		{AC76E67D-6BA5-4E83-B07C-92669A68B2F1}.Debug|Any CPU.ActiveCfg = Debug
		{AC76E67D-6BA5-4E83-B07C-92669A68B2F1}.Release|Any CPU.ActiveCfg = Release
		{0D4FCDED-D5EA-4D27-B887-4E8C8F9037D6}.Debug|Any CPU.ActiveCfg = Debug|Any CPU
		{0D4FCDED-D5EA-4D27-B887-4E8C8F9037D6}.Release|Any CPU.ActiveCfg = Release|Any CPU
		{0D4FCDED-D5EA-4D27-B887-4E8C8F9037D6}.Release|Any CPU.Build.0 = Release|Any CPU
	EndGlobalSection
	GlobalSection(SolutionProperties) = preSolution
		HideSolutionNode = FALSE
	EndGlobalSection
	GlobalSection(ExtensibilityGlobals) = postSolution
		SolutionGuid = {CC29A4E1-2C86-42CF-935B-BF091AA97472}
	EndGlobalSection
EndGlobal
